
Microsoft Visual Studio Solution File, Format Version 12.00
# Visual Studio Version 16
VisualStudioVersion = 16.0.30128.74
MinimumVisualStudioVersion = 10.0.40219.1
Project("{2150E333-8FDC-42A3-9474-1A3956D46DE8}") = "Source", "Source", "{AC2656AF-DD8B-4B47-8B6F-E7C68B44CD1F}"
EndProject
Project("{2150E333-8FDC-42A3-9474-1A3956D46DE8}") = "Application", "Application", "{E32F9979-76F0-4AB0-A11C-BDB864AA5927}"
EndProject
Project("{2150E333-8FDC-42A3-9474-1A3956D46DE8}") = "Domain", "Domain", "{F39CDB27-4EDE-4829-97B5-5B406CECC182}"
EndProject
Project("{2150E333-8FDC-42A3-9474-1A3956D46DE8}") = "Infra", "Infra", "{6F57D837-87DB-4221-AFEF-3CD405970845}"
EndProject
Project("{2150E333-8FDC-42A3-9474-1A3956D46DE8}") = "CrossCutting", "CrossCutting", "{2ACBEC95-BC6D-408A-B098-518B8CC851A0}"
EndProject
Project("{2150E333-8FDC-42A3-9474-1A3956D46DE8}") = "Tests", "Tests", "{8789E11B-F282-42C2-B3F2-10C3F5312DC3}"
EndProject
Project("{2150E333-8FDC-42A3-9474-1A3956D46DE8}") = "Solution Items", "Solution Items", "{FF812869-FE5B-4E8A-AD2C-9E4C08B9D5AD}"
	ProjectSection(SolutionItems) = preProject
		.gitignore = .gitignore
		README.md = README.md
	EndProjectSection
EndProject
Project("{2150E333-8FDC-42A3-9474-1A3956D46DE8}") = "Template", "Template", "{E69B2870-5819-4EA0-A186-ACE73E97C074}"
EndProject
Project("{9A19103F-16F7-4668-BE54-9A1E7A4F7556}") = "Email.Sender.Template.Tests", "Email.Sender.Template.Tests\Email.Sender.Template.Tests.csproj", "{01252081-9AB5-44EE-82D8-1750AA2608D5}"
EndProject
Project("{9A19103F-16F7-4668-BE54-9A1E7A4F7556}") = "Email.Sender.Domain.Tests", "Email.Sender.Domain.Tests\Email.Sender.Domain.Tests.csproj", "{0153046D-1AEC-449B-8D5F-729F5931087A}"
EndProject
Project("{9A19103F-16F7-4668-BE54-9A1E7A4F7556}") = "Email.Sender.Template", "Email.Sender.Template\Email.Sender.Template.csproj", "{08D5BB74-82AC-4B23-97F9-9BAD2217E9BF}"
EndProject
Project("{9A19103F-16F7-4668-BE54-9A1E7A4F7556}") = "Email.Sender.Domain", "Email.Sender.Domain\Email.Sender.Domain.csproj", "{0F4475D1-1FBE-4EFA-A133-0016021EC930}"
EndProject
Project("{9A19103F-16F7-4668-BE54-9A1E7A4F7556}") = "Email.Sender", "Email.Sender\Email.Sender.csproj", "{EF7A2DBA-5E8F-476D-9321-5B162E45C3FE}"
EndProject
Project("{9A19103F-16F7-4668-BE54-9A1E7A4F7556}") = "Email.Sender.CrossCutting", "Email.Sender.CrossCutting\Email.Sender.CrossCutting.csproj", "{EE4CD83C-FAF3-433C-AE52-C24E26360AB6}"
EndProject
Project("{2150E333-8FDC-42A3-9474-1A3956D46DE8}") = "BlobStorage", "BlobStorage", "{099E2BEB-30D2-4978-BBBE-FA8B2A352FDA}"
EndProject
Project("{9A19103F-16F7-4668-BE54-9A1E7A4F7556}") = "Email.Sender.BlobStorage", "Email.Sender.BlobStorage\Email.Sender.BlobStorage.csproj", "{76C13928-8BFA-4BE9-AFC6-C68ECBA16B4D}"
EndProject
Project("{2150E333-8FDC-42A3-9474-1A3956D46DE8}") = "Broker", "Broker", "{D2D7E9D9-96E2-43C5-9E35-8937C5AC7B22}"
EndProject
Project("{FAE04EC0-301F-11D3-BF4B-00C04F79EFBC}") = "Email.Sender.ServiceBus", "Email.Sender.ServiceBus\Email.Sender.ServiceBus.csproj", "{DEB58F13-A0A0-490A-8CE9-3815556F14C9}"
EndProject
Global
	GlobalSection(SolutionConfigurationPlatforms) = preSolution
		Debug|Any CPU = Debug|Any CPU
		Release|Any CPU = Release|Any CPU
	EndGlobalSection
	GlobalSection(ProjectConfigurationPlatforms) = postSolution
		{01252081-9AB5-44EE-82D8-1750AA2608D5}.Debug|Any CPU.ActiveCfg = Debug|Any CPU
		{01252081-9AB5-44EE-82D8-1750AA2608D5}.Debug|Any CPU.Build.0 = Debug|Any CPU
		{01252081-9AB5-44EE-82D8-1750AA2608D5}.Release|Any CPU.ActiveCfg = Release|Any CPU
		{01252081-9AB5-44EE-82D8-1750AA2608D5}.Release|Any CPU.Build.0 = Release|Any CPU
		{0153046D-1AEC-449B-8D5F-729F5931087A}.Debug|Any CPU.ActiveCfg = Debug|Any CPU
		{0153046D-1AEC-449B-8D5F-729F5931087A}.Debug|Any CPU.Build.0 = Debug|Any CPU
		{0153046D-1AEC-449B-8D5F-729F5931087A}.Release|Any CPU.ActiveCfg = Release|Any CPU
		{0153046D-1AEC-449B-8D5F-729F5931087A}.Release|Any CPU.Build.0 = Release|Any CPU
		{08D5BB74-82AC-4B23-97F9-9BAD2217E9BF}.Debug|Any CPU.ActiveCfg = Debug|Any CPU
		{08D5BB74-82AC-4B23-97F9-9BAD2217E9BF}.Debug|Any CPU.Build.0 = Debug|Any CPU
		{08D5BB74-82AC-4B23-97F9-9BAD2217E9BF}.Release|Any CPU.ActiveCfg = Release|Any CPU
		{08D5BB74-82AC-4B23-97F9-9BAD2217E9BF}.Release|Any CPU.Build.0 = Release|Any CPU
		{0F4475D1-1FBE-4EFA-A133-0016021EC930}.Debug|Any CPU.ActiveCfg = Debug|Any CPU
		{0F4475D1-1FBE-4EFA-A133-0016021EC930}.Debug|Any CPU.Build.0 = Debug|Any CPU
		{0F4475D1-1FBE-4EFA-A133-0016021EC930}.Release|Any CPU.ActiveCfg = Release|Any CPU
		{0F4475D1-1FBE-4EFA-A133-0016021EC930}.Release|Any CPU.Build.0 = Release|Any CPU
		{EF7A2DBA-5E8F-476D-9321-5B162E45C3FE}.Debug|Any CPU.ActiveCfg = Debug|Any CPU
		{EF7A2DBA-5E8F-476D-9321-5B162E45C3FE}.Debug|Any CPU.Build.0 = Debug|Any CPU
		{EF7A2DBA-5E8F-476D-9321-5B162E45C3FE}.Release|Any CPU.ActiveCfg = Release|Any CPU
		{EF7A2DBA-5E8F-476D-9321-5B162E45C3FE}.Release|Any CPU.Build.0 = Release|Any CPU
		{EE4CD83C-FAF3-433C-AE52-C24E26360AB6}.Debug|Any CPU.ActiveCfg = Debug|Any CPU
		{EE4CD83C-FAF3-433C-AE52-C24E26360AB6}.Debug|Any CPU.Build.0 = Debug|Any CPU
		{EE4CD83C-FAF3-433C-AE52-C24E26360AB6}.Release|Any CPU.ActiveCfg = Release|Any CPU
		{EE4CD83C-FAF3-433C-AE52-C24E26360AB6}.Release|Any CPU.Build.0 = Release|Any CPU
		{76C13928-8BFA-4BE9-AFC6-C68ECBA16B4D}.Debug|Any CPU.ActiveCfg = Debug|Any CPU
		{76C13928-8BFA-4BE9-AFC6-C68ECBA16B4D}.Debug|Any CPU.Build.0 = Debug|Any CPU
		{76C13928-8BFA-4BE9-AFC6-C68ECBA16B4D}.Release|Any CPU.ActiveCfg = Release|Any CPU
		{76C13928-8BFA-4BE9-AFC6-C68ECBA16B4D}.Release|Any CPU.Build.0 = Release|Any CPU
		{DEB58F13-A0A0-490A-8CE9-3815556F14C9}.Debug|Any CPU.ActiveCfg = Debug|Any CPU
		{DEB58F13-A0A0-490A-8CE9-3815556F14C9}.Debug|Any CPU.Build.0 = Debug|Any CPU
		{DEB58F13-A0A0-490A-8CE9-3815556F14C9}.Release|Any CPU.ActiveCfg = Release|Any CPU
		{DEB58F13-A0A0-490A-8CE9-3815556F14C9}.Release|Any CPU.Build.0 = Release|Any CPU
	EndGlobalSection
	GlobalSection(SolutionProperties) = preSolution
		HideSolutionNode = FALSE
	EndGlobalSection
	GlobalSection(NestedProjects) = preSolution
		{E32F9979-76F0-4AB0-A11C-BDB864AA5927} = {AC2656AF-DD8B-4B47-8B6F-E7C68B44CD1F}
		{F39CDB27-4EDE-4829-97B5-5B406CECC182} = {AC2656AF-DD8B-4B47-8B6F-E7C68B44CD1F}
		{6F57D837-87DB-4221-AFEF-3CD405970845} = {AC2656AF-DD8B-4B47-8B6F-E7C68B44CD1F}
		{2ACBEC95-BC6D-408A-B098-518B8CC851A0} = {6F57D837-87DB-4221-AFEF-3CD405970845}
		{E69B2870-5819-4EA0-A186-ACE73E97C074} = {6F57D837-87DB-4221-AFEF-3CD405970845}
		{01252081-9AB5-44EE-82D8-1750AA2608D5} = {8789E11B-F282-42C2-B3F2-10C3F5312DC3}
		{0153046D-1AEC-449B-8D5F-729F5931087A} = {8789E11B-F282-42C2-B3F2-10C3F5312DC3}
		{08D5BB74-82AC-4B23-97F9-9BAD2217E9BF} = {E69B2870-5819-4EA0-A186-ACE73E97C074}
		{0F4475D1-1FBE-4EFA-A133-0016021EC930} = {F39CDB27-4EDE-4829-97B5-5B406CECC182}
		{EF7A2DBA-5E8F-476D-9321-5B162E45C3FE} = {E32F9979-76F0-4AB0-A11C-BDB864AA5927}
		{EE4CD83C-FAF3-433C-AE52-C24E26360AB6} = {2ACBEC95-BC6D-408A-B098-518B8CC851A0}
		{099E2BEB-30D2-4978-BBBE-FA8B2A352FDA} = {6F57D837-87DB-4221-AFEF-3CD405970845}
		{76C13928-8BFA-4BE9-AFC6-C68ECBA16B4D} = {099E2BEB-30D2-4978-BBBE-FA8B2A352FDA}
		{D2D7E9D9-96E2-43C5-9E35-8937C5AC7B22} = {6F57D837-87DB-4221-AFEF-3CD405970845}
		{DEB58F13-A0A0-490A-8CE9-3815556F14C9} = {D2D7E9D9-96E2-43C5-9E35-8937C5AC7B22}
	EndGlobalSection
	GlobalSection(ExtensibilityGlobals) = postSolution
		SolutionGuid = {0A84A63B-F7CC-4392-9982-E96242464F2A}
	EndGlobalSection
EndGlobal
